// !$*UTF8*$!
{
	archiveVersion = 1;
	classes = {
	};
	objectVersion = 51;
	objects = {

/* Begin PBXBuildFile section */
		4DB0A7F897958E07D81AC8B2 /* Pods_202008073rdProject.framework in Frameworks */ = {isa = PBXBuildFile; fileRef = 9537C7B62816DBD3212A527C /* Pods_202008073rdProject.framework */; };
		DA71FCF024DE4863004D8222 /* NetWorkModel.swift in Sources */ = {isa = PBXBuildFile; fileRef = DA71FCEF24DE4863004D8222 /* NetWorkModel.swift */; };
		DA71FCF224DE486D004D8222 /* KeyModel.swift in Sources */ = {isa = PBXBuildFile; fileRef = DA71FCF124DE486D004D8222 /* KeyModel.swift */; };
		DA9F767124DD5E8100BF4E06 /* AppDelegate.swift in Sources */ = {isa = PBXBuildFile; fileRef = DA9F767024DD5E8100BF4E06 /* AppDelegate.swift */; };
		DA9F767324DD5E8100BF4E06 /* SceneDelegate.swift in Sources */ = {isa = PBXBuildFile; fileRef = DA9F767224DD5E8100BF4E06 /* SceneDelegate.swift */; };
		DA9F767524DD5E8100BF4E06 /* ViewController.swift in Sources */ = {isa = PBXBuildFile; fileRef = DA9F767424DD5E8100BF4E06 /* ViewController.swift */; };
		DA9F767A24DD5E8200BF4E06 /* Assets.xcassets in Resources */ = {isa = PBXBuildFile; fileRef = DA9F767924DD5E8200BF4E06 /* Assets.xcassets */; };
		DA9F767D24DD5E8200BF4E06 /* LaunchScreen.storyboard in Resources */ = {isa = PBXBuildFile; fileRef = DA9F767B24DD5E8200BF4E06 /* LaunchScreen.storyboard */; };
		DA9F768524DD64B300BF4E06 /* SignUpViewController.swift in Sources */ = {isa = PBXBuildFile; fileRef = DA9F768424DD64B300BF4E06 /* SignUpViewController.swift */; };
/* End PBXBuildFile section */

/* Begin PBXFileReference section */
		67CF1079AE31F114E2377099 /* Pods-202008073rdProject.release.xcconfig */ = {isa = PBXFileReference; includeInIndex = 1; lastKnownFileType = text.xcconfig; name = "Pods-202008073rdProject.release.xcconfig"; path = "Target Support Files/Pods-202008073rdProject/Pods-202008073rdProject.release.xcconfig"; sourceTree = "<group>"; };
		77AB81A88246E5213747A426 /* Pods-202008073rdProject.debug.xcconfig */ = {isa = PBXFileReference; includeInIndex = 1; lastKnownFileType = text.xcconfig; name = "Pods-202008073rdProject.debug.xcconfig"; path = "Target Support Files/Pods-202008073rdProject/Pods-202008073rdProject.debug.xcconfig"; sourceTree = "<group>"; };
		9537C7B62816DBD3212A527C /* Pods_202008073rdProject.framework */ = {isa = PBXFileReference; explicitFileType = wrapper.framework; includeInIndex = 0; path = Pods_202008073rdProject.framework; sourceTree = BUILT_PRODUCTS_DIR; };
		DA71FCEF24DE4863004D8222 /* NetWorkModel.swift */ = {isa = PBXFileReference; lastKnownFileType = sourcecode.swift; path = NetWorkModel.swift; sourceTree = "<group>"; };
		DA71FCF124DE486D004D8222 /* KeyModel.swift */ = {isa = PBXFileReference; lastKnownFileType = sourcecode.swift; path = KeyModel.swift; sourceTree = "<group>"; };
		DA9F766D24DD5E8100BF4E06 /* 202008073rdProject.app */ = {isa = PBXFileReference; explicitFileType = wrapper.application; includeInIndex = 0; path = 202008073rdProject.app; sourceTree = BUILT_PRODUCTS_DIR; };
		DA9F767024DD5E8100BF4E06 /* AppDelegate.swift */ = {isa = PBXFileReference; lastKnownFileType = sourcecode.swift; path = AppDelegate.swift; sourceTree = "<group>"; };
		DA9F767224DD5E8100BF4E06 /* SceneDelegate.swift */ = {isa = PBXFileReference; lastKnownFileType = sourcecode.swift; path = SceneDelegate.swift; sourceTree = "<group>"; };
		DA9F767424DD5E8100BF4E06 /* ViewController.swift */ = {isa = PBXFileReference; lastKnownFileType = sourcecode.swift; path = ViewController.swift; sourceTree = "<group>"; };
		DA9F767924DD5E8200BF4E06 /* Assets.xcassets */ = {isa = PBXFileReference; lastKnownFileType = folder.assetcatalog; path = Assets.xcassets; sourceTree = "<group>"; };
		DA9F767C24DD5E8200BF4E06 /* Base */ = {isa = PBXFileReference; lastKnownFileType = file.storyboard; name = Base; path = Base.lproj/LaunchScreen.storyboard; sourceTree = "<group>"; };
		DA9F767E24DD5E8200BF4E06 /* Info.plist */ = {isa = PBXFileReference; lastKnownFileType = text.plist.xml; path = Info.plist; sourceTree = "<group>"; };
		DA9F768424DD64B300BF4E06 /* SignUpViewController.swift */ = {isa = PBXFileReference; lastKnownFileType = sourcecode.swift; path = SignUpViewController.swift; sourceTree = "<group>"; };
/* End PBXFileReference section */

/* Begin PBXFrameworksBuildPhase section */
		DA9F766A24DD5E8100BF4E06 /* Frameworks */ = {
			isa = PBXFrameworksBuildPhase;
			buildActionMask = 2147483647;
			files = (
				4DB0A7F897958E07D81AC8B2 /* Pods_202008073rdProject.framework in Frameworks */,
			);
			runOnlyForDeploymentPostprocessing = 0;
		};
/* End PBXFrameworksBuildPhase section */

/* Begin PBXGroup section */
		418D5863C91DA55911D58689 /* Pods */ = {
			isa = PBXGroup;
			children = (
				77AB81A88246E5213747A426 /* Pods-202008073rdProject.debug.xcconfig */,
				67CF1079AE31F114E2377099 /* Pods-202008073rdProject.release.xcconfig */,
			);
			path = Pods;
			sourceTree = "<group>";
		};
		A8B0BB9563F989EE7233A6F7 /* Frameworks */ = {
			isa = PBXGroup;
			children = (
				9537C7B62816DBD3212A527C /* Pods_202008073rdProject.framework */,
			);
			name = Frameworks;
			sourceTree = "<group>";
		};
		DA71FCEA24DE470F004D8222 /* Model */ = {
			isa = PBXGroup;
			children = (
				DA71FCEF24DE4863004D8222 /* NetWorkModel.swift */,
				DA71FCF124DE486D004D8222 /* KeyModel.swift */,
			);
			path = Model;
			sourceTree = "<group>";
		};
		DA71FCEB24DE4715004D8222 /* Utils */ = {
			isa = PBXGroup;
			children = (
			);
			path = Utils;
			sourceTree = "<group>";
		};
		DA71FCEC24DE4719004D8222 /* ViewModel */ = {
			isa = PBXGroup;
			children = (
			);
			path = ViewModel;
			sourceTree = "<group>";
		};
		DA71FCED24DE471D004D8222 /* Controller */ = {
			isa = PBXGroup;
			children = (
			);
			path = Controller;
			sourceTree = "<group>";
		};
		DA71FCEE24DE474D004D8222 /* View */ = {
			isa = PBXGroup;
			children = (
			);
			path = View;
			sourceTree = "<group>";
		};
		DA9F766424DD5E8100BF4E06 = {
			isa = PBXGroup;
			children = (
				DA9F766F24DD5E8100BF4E06 /* 202008073rdProject */,
				DA9F766E24DD5E8100BF4E06 /* Products */,
				418D5863C91DA55911D58689 /* Pods */,
				A8B0BB9563F989EE7233A6F7 /* Frameworks */,
			);
			sourceTree = "<group>";
		};
		DA9F766E24DD5E8100BF4E06 /* Products */ = {
			isa = PBXGroup;
			children = (
				DA9F766D24DD5E8100BF4E06 /* 202008073rdProject.app */,
			);
			name = Products;
			sourceTree = "<group>";
		};
		DA9F766F24DD5E8100BF4E06 /* 202008073rdProject */ = {
			isa = PBXGroup;
			children = (
				DA71FCEE24DE474D004D8222 /* View */,
				DA71FCED24DE471D004D8222 /* Controller */,
				DA71FCEC24DE4719004D8222 /* ViewModel */,
				DA71FCEB24DE4715004D8222 /* Utils */,
				DA71FCEA24DE470F004D8222 /* Model */,
				DA9F767024DD5E8100BF4E06 /* AppDelegate.swift */,
				DA9F768424DD64B300BF4E06 /* SignUpViewController.swift */,
				DA9F767224DD5E8100BF4E06 /* SceneDelegate.swift */,
				DA9F767424DD5E8100BF4E06 /* ViewController.swift */,
				DA9F767924DD5E8200BF4E06 /* Assets.xcassets */,
				DA9F767B24DD5E8200BF4E06 /* LaunchScreen.storyboard */,
				DA9F767E24DD5E8200BF4E06 /* Info.plist */,
			);
			path = 202008073rdProject;
			sourceTree = "<group>";
		};
/* End PBXGroup section */

/* Begin PBXNativeTarget section */
		DA9F766C24DD5E8100BF4E06 /* 202008073rdProject */ = {
			isa = PBXNativeTarget;
			buildConfigurationList = DA9F768124DD5E8200BF4E06 /* Build configuration list for PBXNativeTarget "202008073rdProject" */;
			buildPhases = (
				27A3C4AA480B10E92F42E039 /* [CP] Check Pods Manifest.lock */,
				DA9F766924DD5E8100BF4E06 /* Sources */,
				DA9F766A24DD5E8100BF4E06 /* Frameworks */,
				DA9F766B24DD5E8100BF4E06 /* Resources */,
				C600CB28525C334AF6C8460B /* [CP] Embed Pods Frameworks */,
			);
			buildRules = (
			);
			dependencies = (
			);
			name = 202008073rdProject;
			productName = 202008073rdProject;
			productReference = DA9F766D24DD5E8100BF4E06 /* 202008073rdProject.app */;
			productType = "com.apple.product-type.application";
		};
/* End PBXNativeTarget section */

/* Begin PBXProject section */
		DA9F766524DD5E8100BF4E06 /* Project object */ = {
			isa = PBXProject;
			attributes = {
				LastSwiftUpdateCheck = 1160;
				LastUpgradeCheck = 1160;
				ORGANIZATIONNAME = Dustin;
				TargetAttributes = {
					DA9F766C24DD5E8100BF4E06 = {
						CreatedOnToolsVersion = 11.6;
					};
				};
			};
			buildConfigurationList = DA9F766824DD5E8100BF4E06 /* Build configuration list for PBXProject "202008073rdProject" */;
			compatibilityVersion = "Xcode 9.3";
			developmentRegion = en;
			hasScannedForEncodings = 0;
			knownRegions = (
				en,
				Base,
			);
			mainGroup = DA9F766424DD5E8100BF4E06;
			productRefGroup = DA9F766E24DD5E8100BF4E06 /* Products */;
			projectDirPath = "";
			projectRoot = "";
			targets = (
				DA9F766C24DD5E8100BF4E06 /* 202008073rdProject */,
			);
		};
/* End PBXProject section */

/* Begin PBXResourcesBuildPhase section */
		DA9F766B24DD5E8100BF4E06 /* Resources */ = {
			isa = PBXResourcesBuildPhase;
			buildActionMask = 2147483647;
			files = (
				DA9F767D24DD5E8200BF4E06 /* LaunchScreen.storyboard in Resources */,
				DA9F767A24DD5E8200BF4E06 /* Assets.xcassets in Resources */,
			);
			runOnlyForDeploymentPostprocessing = 0;
		};
/* End PBXResourcesBuildPhase section */

/* Begin PBXShellScriptBuildPhase section */
		27A3C4AA480B10E92F42E039 /* [CP] Check Pods Manifest.lock */ = {
			isa = PBXShellScriptBuildPhase;
			buildActionMask = 2147483647;
			files = (
			);
			inputFileListPaths = (
			);
			inputPaths = (
				"${PODS_PODFILE_DIR_PATH}/Podfile.lock",
				"${PODS_ROOT}/Manifest.lock",
			);
			name = "[CP] Check Pods Manifest.lock";
			outputFileListPaths = (
			);
			outputPaths = (
				"$(DERIVED_FILE_DIR)/Pods-202008073rdProject-checkManifestLockResult.txt",
			);
			runOnlyForDeploymentPostprocessing = 0;
			shellPath = /bin/sh;
			shellScript = "diff \"${PODS_PODFILE_DIR_PATH}/Podfile.lock\" \"${PODS_ROOT}/Manifest.lock\" > /dev/null\nif [ $? != 0 ] ; then\n    # print error to STDERR\n    echo \"error: The sandbox is not in sync with the Podfile.lock. Run 'pod install' or update your CocoaPods installation.\" >&2\n    exit 1\nfi\n# This output is used by Xcode 'outputs' to avoid re-running this script phase.\necho \"SUCCESS\" > \"${SCRIPT_OUTPUT_FILE_0}\"\n";
			showEnvVarsInLog = 0;
		};
		C600CB28525C334AF6C8460B /* [CP] Embed Pods Frameworks */ = {
			isa = PBXShellScriptBuildPhase;
			buildActionMask = 2147483647;
			files = (
			);
			inputFileListPaths = (
				"${PODS_ROOT}/Target Support Files/Pods-202008073rdProject/Pods-202008073rdProject-frameworks-${CONFIGURATION}-input-files.xcfilelist",
			);
			name = "[CP] Embed Pods Frameworks";
			outputFileListPaths = (
				"${PODS_ROOT}/Target Support Files/Pods-202008073rdProject/Pods-202008073rdProject-frameworks-${CONFIGURATION}-output-files.xcfilelist",
			);
			runOnlyForDeploymentPostprocessing = 0;
			shellPath = /bin/sh;
			shellScript = "\"${PODS_ROOT}/Target Support Files/Pods-202008073rdProject/Pods-202008073rdProject-frameworks.sh\"\n";
			showEnvVarsInLog = 0;
		};
/* End PBXShellScriptBuildPhase section */

/* Begin PBXSourcesBuildPhase section */
		DA9F766924DD5E8100BF4E06 /* Sources */ = {
			isa = PBXSourcesBuildPhase;
			buildActionMask = 2147483647;
			files = (
				DA9F767524DD5E8100BF4E06 /* ViewController.swift in Sources */,
				DA71FCF024DE4863004D8222 /* NetWorkModel.swift in Sources */,
				DA9F767124DD5E8100BF4E06 /* AppDelegate.swift in Sources */,
				DA71FCF224DE486D004D8222 /* KeyModel.swift in Sources */,
				DA9F768524DD64B300BF4E06 /* SignUpViewController.swift in Sources */,
				DA9F767324DD5E8100BF4E06 /* SceneDelegate.swift in Sources */,
			);
			runOnlyForDeploymentPostprocessing = 0;
		};
/* End PBXSourcesBuildPhase section */

/* Begin PBXVariantGroup section */
		DA9F767B24DD5E8200BF4E06 /* LaunchScreen.storyboard */ = {
			isa = PBXVariantGroup;
			children = (
				DA9F767C24DD5E8200BF4E06 /* Base */,
			);
			name = LaunchScreen.storyboard;
			sourceTree = "<group>";
		};
/* End PBXVariantGroup section */

/* Begin XCBuildConfiguration section */
		DA9F767F24DD5E8200BF4E06 /* Debug */ = {
			isa = XCBuildConfiguration;
			buildSettings = {
				ALWAYS_SEARCH_USER_PATHS = NO;
				CLANG_ANALYZER_NONNULL = YES;
				CLANG_ANALYZER_NUMBER_OBJECT_CONVERSION = YES_AGGRESSIVE;
				CLANG_CXX_LANGUAGE_STANDARD = "gnu++14";
				CLANG_CXX_LIBRARY = "libc++";
				CLANG_ENABLE_MODULES = YES;
				CLANG_ENABLE_OBJC_ARC = YES;
				CLANG_ENABLE_OBJC_WEAK = YES;
				CLANG_WARN_BLOCK_CAPTURE_AUTORELEASING = YES;
				CLANG_WARN_BOOL_CONVERSION = YES;
				CLANG_WARN_COMMA = YES;
				CLANG_WARN_CONSTANT_CONVERSION = YES;
				CLANG_WARN_DEPRECATED_OBJC_IMPLEMENTATIONS = YES;
				CLANG_WARN_DIRECT_OBJC_ISA_USAGE = YES_ERROR;
				CLANG_WARN_DOCUMENTATION_COMMENTS = YES;
				CLANG_WARN_EMPTY_BODY = YES;
				CLANG_WARN_ENUM_CONVERSION = YES;
				CLANG_WARN_INFINITE_RECURSION = YES;
				CLANG_WARN_INT_CONVERSION = YES;
				CLANG_WARN_NON_LITERAL_NULL_CONVERSION = YES;
				CLANG_WARN_OBJC_IMPLICIT_RETAIN_SELF = YES;
				CLANG_WARN_OBJC_LITERAL_CONVERSION = YES;
				CLANG_WARN_OBJC_ROOT_CLASS = YES_ERROR;
				CLANG_WARN_RANGE_LOOP_ANALYSIS = YES;
				CLANG_WARN_STRICT_PROTOTYPES = YES;
				CLANG_WARN_SUSPICIOUS_MOVE = YES;
				CLANG_WARN_UNGUARDED_AVAILABILITY = YES_AGGRESSIVE;
				CLANG_WARN_UNREACHABLE_CODE = YES;
				CLANG_WARN__DUPLICATE_METHOD_MATCH = YES;
				COPY_PHASE_STRIP = NO;
				DEBUG_INFORMATION_FORMAT = dwarf;
				ENABLE_STRICT_OBJC_MSGSEND = YES;
				ENABLE_TESTABILITY = YES;
				GCC_C_LANGUAGE_STANDARD = gnu11;
				GCC_DYNAMIC_NO_PIC = NO;
				GCC_NO_COMMON_BLOCKS = YES;
				GCC_OPTIMIZATION_LEVEL = 0;
				GCC_PREPROCESSOR_DEFINITIONS = (
					"DEBUG=1",
					"$(inherited)",
				);
				GCC_WARN_64_TO_32_BIT_CONVERSION = YES;
				GCC_WARN_ABOUT_RETURN_TYPE = YES_ERROR;
				GCC_WARN_UNDECLARED_SELECTOR = YES;
				GCC_WARN_UNINITIALIZED_AUTOS = YES_AGGRESSIVE;
				GCC_WARN_UNUSED_FUNCTION = YES;
				GCC_WARN_UNUSED_VARIABLE = YES;
				IPHONEOS_DEPLOYMENT_TARGET = 13.6;
				MTL_ENABLE_DEBUG_INFO = INCLUDE_SOURCE;
				MTL_FAST_MATH = YES;
				ONLY_ACTIVE_ARCH = YES;
				SDKROOT = iphoneos;
				SWIFT_ACTIVE_COMPILATION_CONDITIONS = DEBUG;
				SWIFT_OPTIMIZATION_LEVEL = "-Onone";
			};
			name = Debug;
		};
		DA9F768024DD5E8200BF4E06 /* Release */ = {
			isa = XCBuildConfiguration;
			buildSettings = {
				ALWAYS_SEARCH_USER_PATHS = NO;
				CLANG_ANALYZER_NONNULL = YES;
				CLANG_ANALYZER_NUMBER_OBJECT_CONVERSION = YES_AGGRESSIVE;
				CLANG_CXX_LANGUAGE_STANDARD = "gnu++14";
				CLANG_CXX_LIBRARY = "libc++";
				CLANG_ENABLE_MODULES = YES;
				CLANG_ENABLE_OBJC_ARC = YES;
				CLANG_ENABLE_OBJC_WEAK = YES;
				CLANG_WARN_BLOCK_CAPTURE_AUTORELEASING = YES;
				CLANG_WARN_BOOL_CONVERSION = YES;
				CLANG_WARN_COMMA = YES;
				CLANG_WARN_CONSTANT_CONVERSION = YES;
				CLANG_WARN_DEPRECATED_OBJC_IMPLEMENTATIONS = YES;
				CLANG_WARN_DIRECT_OBJC_ISA_USAGE = YES_ERROR;
				CLANG_WARN_DOCUMENTATION_COMMENTS = YES;
				CLANG_WARN_EMPTY_BODY = YES;
				CLANG_WARN_ENUM_CONVERSION = YES;
				CLANG_WARN_INFINITE_RECURSION = YES;
				CLANG_WARN_INT_CONVERSION = YES;
				CLANG_WARN_NON_LITERAL_NULL_CONVERSION = YES;
				CLANG_WARN_OBJC_IMPLICIT_RETAIN_SELF = YES;
				CLANG_WARN_OBJC_LITERAL_CONVERSION = YES;
				CLANG_WARN_OBJC_ROOT_CLASS = YES_ERROR;
				CLANG_WARN_RANGE_LOOP_ANALYSIS = YES;
				CLANG_WARN_STRICT_PROTOTYPES = YES;
				CLANG_WARN_SUSPICIOUS_MOVE = YES;
				CLANG_WARN_UNGUARDED_AVAILABILITY = YES_AGGRESSIVE;
				CLANG_WARN_UNREACHABLE_CODE = YES;
				CLANG_WARN__DUPLICATE_METHOD_MATCH = YES;
				COPY_PHASE_STRIP = NO;
				DEBUG_INFORMATION_FORMAT = "dwarf-with-dsym";
				ENABLE_NS_ASSERTIONS = NO;
				ENABLE_STRICT_OBJC_MSGSEND = YES;
				GCC_C_LANGUAGE_STANDARD = gnu11;
				GCC_NO_COMMON_BLOCKS = YES;
				GCC_WARN_64_TO_32_BIT_CONVERSION = YES;
				GCC_WARN_ABOUT_RETURN_TYPE = YES_ERROR;
				GCC_WARN_UNDECLARED_SELECTOR = YES;
				GCC_WARN_UNINITIALIZED_AUTOS = YES_AGGRESSIVE;
				GCC_WARN_UNUSED_FUNCTION = YES;
				GCC_WARN_UNUSED_VARIABLE = YES;
				IPHONEOS_DEPLOYMENT_TARGET = 13.6;
				MTL_ENABLE_DEBUG_INFO = NO;
				MTL_FAST_MATH = YES;
				SDKROOT = iphoneos;
				SWIFT_COMPILATION_MODE = wholemodule;
				SWIFT_OPTIMIZATION_LEVEL = "-O";
				VALIDATE_PRODUCT = YES;
			};
			name = Release;
		};
		DA9F768224DD5E8200BF4E06 /* Debug */ = {
			isa = XCBuildConfiguration;
			baseConfigurationReference = 77AB81A88246E5213747A426 /* Pods-202008073rdProject.debug.xcconfig */;
			buildSettings = {
				ASSETCATALOG_COMPILER_APPICON_NAME = AppIcon;
				CODE_SIGN_STYLE = Automatic;
				DEVELOPMENT_TEAM = 3VT454RG8M;
				INFOPLIST_FILE = 202008073rdProject/Info.plist;
				IPHONEOS_DEPLOYMENT_TARGET = 13.6;
				LD_RUNPATH_SEARCH_PATHS = (
					"$(inherited)",
					"@executable_path/Frameworks",
				);
				PRODUCT_BUNDLE_IDENTIFIER = "com.Dustin.-02008073rdProject";
				PRODUCT_NAME = "$(TARGET_NAME)";
				SWIFT_VERSION = 5.0;
				TARGETED_DEVICE_FAMILY = "1,2";
			};
			name = Debug;
		};
		DA9F768324DD5E8200BF4E06 /* Release */ = {
			isa = XCBuildConfiguration;
			baseConfigurationReference = 67CF1079AE31F114E2377099 /* Pods-202008073rdProject.release.xcconfig */;
			buildSettings = {
				ASSETCATALOG_COMPILER_APPICON_NAME = AppIcon;
				CODE_SIGN_STYLE = Automatic;
				DEVELOPMENT_TEAM = 3VT454RG8M;
				INFOPLIST_FILE = 202008073rdProject/Info.plist;
				IPHONEOS_DEPLOYMENT_TARGET = 13.6;
				LD_RUNPATH_SEARCH_PATHS = (
					"$(inherited)",
					"@executable_path/Frameworks",
				);
				PRODUCT_BUNDLE_IDENTIFIER = "com.Dustin.-02008073rdProject";
				PRODUCT_NAME = "$(TARGET_NAME)";
				SWIFT_VERSION = 5.0;
				TARGETED_DEVICE_FAMILY = "1,2";
			};
			name = Release;
		};
/* End XCBuildConfiguration section */

/* Begin XCConfigurationList section */
		DA9F766824DD5E8100BF4E06 /* Build configuration list for PBXProject "202008073rdProject" */ = {
			isa = XCConfigurationList;
			buildConfigurations = (
				DA9F767F24DD5E8200BF4E06 /* Debug */,
				DA9F768024DD5E8200BF4E06 /* Release */,
			);
			defaultConfigurationIsVisible = 0;
			defaultConfigurationName = Release;
		};
		DA9F768124DD5E8200BF4E06 /* Build configuration list for PBXNativeTarget "202008073rdProject" */ = {
			isa = XCConfigurationList;
			buildConfigurations = (
				DA9F768224DD5E8200BF4E06 /* Debug */,
				DA9F768324DD5E8200BF4E06 /* Release */,
			);
			defaultConfigurationIsVisible = 0;
			defaultConfigurationName = Release;
		};
/* End XCConfigurationList section */
	};
	rootObject = DA9F766524DD5E8100BF4E06 /* Project object */;
}
